// !$*UTF8*$!
{
	archiveVersion = 1;
	classes = {
	};
	objectVersion = 56;
	objects = {

/* Begin PBXBuildFile section */
		7939BE342C29661B0098FCB0 /* AppDelegate.swift in Sources */ = {isa = PBXBuildFile; fileRef = 7939BE332C29661B0098FCB0 /* AppDelegate.swift */; };
		7939BE362C29661B0098FCB0 /* SceneDelegate.swift in Sources */ = {isa = PBXBuildFile; fileRef = 7939BE352C29661B0098FCB0 /* SceneDelegate.swift */; };
		7939BE382C29661B0098FCB0 /* ViewController.swift in Sources */ = {isa = PBXBuildFile; fileRef = 7939BE372C29661B0098FCB0 /* ViewController.swift */; };
		7939BE3D2C29661C0098FCB0 /* Assets.xcassets in Resources */ = {isa = PBXBuildFile; fileRef = 7939BE3C2C29661C0098FCB0 /* Assets.xcassets */; };
		7939BE402C29661C0098FCB0 /* Base in Resources */ = {isa = PBXBuildFile; fileRef = 7939BE3F2C29661C0098FCB0 /* Base */; };
		7939BE4A2C2969130098FCB0 /* ChatAIViewController.swift in Sources */ = {isa = PBXBuildFile; fileRef = 7939BE492C2969130098FCB0 /* ChatAIViewController.swift */; };
		7939BE4C2C2969510098FCB0 /* WatchlistViewController.swift in Sources */ = {isa = PBXBuildFile; fileRef = 7939BE4B2C2969510098FCB0 /* WatchlistViewController.swift */; };
		7939BE4E2C2969B50098FCB0 /* ProfileViewController.swift in Sources */ = {isa = PBXBuildFile; fileRef = 7939BE4D2C2969B50098FCB0 /* ProfileViewController.swift */; };
		7939BE502C2969E90098FCB0 /* TabBarController.swift in Sources */ = {isa = PBXBuildFile; fileRef = 7939BE4F2C2969E90098FCB0 /* TabBarController.swift */; };
		7939BE5A2C299DAB0098FCB0 /* MovieView.swift in Sources */ = {isa = PBXBuildFile; fileRef = 7939BE592C299DAB0098FCB0 /* MovieView.swift */; };
		7939BE5C2C299EDE0098FCB0 /* WatchlistViewModel.swift in Sources */ = {isa = PBXBuildFile; fileRef = 7939BE5B2C299EDE0098FCB0 /* WatchlistViewModel.swift */; };
		7939BE5E2C299EFB0098FCB0 /* Movie.swift in Sources */ = {isa = PBXBuildFile; fileRef = 7939BE5D2C299EFB0098FCB0 /* Movie.swift */; };
		7939BE622C29C1CE0098FCB0 /* MovieTableViewCellModel.swift in Sources */ = {isa = PBXBuildFile; fileRef = 7939BE612C29C1CE0098FCB0 /* MovieTableViewCellModel.swift */; };
		7939BE642C29CA900098FCB0 /* MovieTableViewCell.swift in Sources */ = {isa = PBXBuildFile; fileRef = 7939BE632C29CA900098FCB0 /* MovieTableViewCell.swift */; };
/* End PBXBuildFile section */

/* Begin PBXFileReference section */
		7939BE302C29661B0098FCB0 /* MovieGuru.app */ = {isa = PBXFileReference; explicitFileType = wrapper.application; includeInIndex = 0; path = MovieGuru.app; sourceTree = BUILT_PRODUCTS_DIR; };
		7939BE332C29661B0098FCB0 /* AppDelegate.swift */ = {isa = PBXFileReference; lastKnownFileType = sourcecode.swift; path = AppDelegate.swift; sourceTree = "<group>"; };
		7939BE352C29661B0098FCB0 /* SceneDelegate.swift */ = {isa = PBXFileReference; lastKnownFileType = sourcecode.swift; path = SceneDelegate.swift; sourceTree = "<group>"; };
		7939BE372C29661B0098FCB0 /* ViewController.swift */ = {isa = PBXFileReference; lastKnownFileType = sourcecode.swift; path = ViewController.swift; sourceTree = "<group>"; };
		7939BE3C2C29661C0098FCB0 /* Assets.xcassets */ = {isa = PBXFileReference; lastKnownFileType = folder.assetcatalog; path = Assets.xcassets; sourceTree = "<group>"; };
		7939BE3F2C29661C0098FCB0 /* Base */ = {isa = PBXFileReference; lastKnownFileType = file.storyboard; name = Base; path = Base.lproj/LaunchScreen.storyboard; sourceTree = "<group>"; };
		7939BE412C29661C0098FCB0 /* Info.plist */ = {isa = PBXFileReference; lastKnownFileType = text.plist.xml; path = Info.plist; sourceTree = "<group>"; };
		7939BE492C2969130098FCB0 /* ChatAIViewController.swift */ = {isa = PBXFileReference; lastKnownFileType = sourcecode.swift; path = ChatAIViewController.swift; sourceTree = "<group>"; };
		7939BE4B2C2969510098FCB0 /* WatchlistViewController.swift */ = {isa = PBXFileReference; lastKnownFileType = sourcecode.swift; path = WatchlistViewController.swift; sourceTree = "<group>"; };
		7939BE4D2C2969B50098FCB0 /* ProfileViewController.swift */ = {isa = PBXFileReference; lastKnownFileType = sourcecode.swift; path = ProfileViewController.swift; sourceTree = "<group>"; };
		7939BE4F2C2969E90098FCB0 /* TabBarController.swift */ = {isa = PBXFileReference; lastKnownFileType = sourcecode.swift; path = TabBarController.swift; sourceTree = "<group>"; };
		7939BE592C299DAB0098FCB0 /* MovieView.swift */ = {isa = PBXFileReference; lastKnownFileType = sourcecode.swift; path = MovieView.swift; sourceTree = "<group>"; };
		7939BE5B2C299EDE0098FCB0 /* WatchlistViewModel.swift */ = {isa = PBXFileReference; lastKnownFileType = sourcecode.swift; path = WatchlistViewModel.swift; sourceTree = "<group>"; };
		7939BE5D2C299EFB0098FCB0 /* Movie.swift */ = {isa = PBXFileReference; lastKnownFileType = sourcecode.swift; path = Movie.swift; sourceTree = "<group>"; };
		7939BE612C29C1CE0098FCB0 /* MovieTableViewCellModel.swift */ = {isa = PBXFileReference; lastKnownFileType = sourcecode.swift; path = MovieTableViewCellModel.swift; sourceTree = "<group>"; };
		7939BE632C29CA900098FCB0 /* MovieTableViewCell.swift */ = {isa = PBXFileReference; lastKnownFileType = sourcecode.swift; path = MovieTableViewCell.swift; sourceTree = "<group>"; };
/* End PBXFileReference section */

/* Begin PBXFrameworksBuildPhase section */
		7939BE2D2C29661B0098FCB0 /* Frameworks */ = {
			isa = PBXFrameworksBuildPhase;
			buildActionMask = 2147483647;
			files = (
			);
			runOnlyForDeploymentPostprocessing = 0;
		};
/* End PBXFrameworksBuildPhase section */

/* Begin PBXGroup section */
		7939BE272C29661B0098FCB0 = {
			isa = PBXGroup;
			children = (
				7939BE322C29661B0098FCB0 /* MovieGuru */,
				7939BE312C29661B0098FCB0 /* Products */,
			);
			sourceTree = "<group>";
		};
		7939BE312C29661B0098FCB0 /* Products */ = {
			isa = PBXGroup;
			children = (
				7939BE302C29661B0098FCB0 /* MovieGuru.app */,
			);
			name = Products;
			sourceTree = "<group>";
		};
		7939BE322C29661B0098FCB0 /* MovieGuru */ = {
			isa = PBXGroup;
			children = (
				7939BE652C2A00640098FCB0 /* Resources */,
				7939BE472C2966B10098FCB0 /* Controllers */,
				7939BE562C299D5E0098FCB0 /* ViewModels */,
				7939BE552C299D470098FCB0 /* Views */,
				7939BE482C2966B80098FCB0 /* Models */,
				7939BE412C29661C0098FCB0 /* Info.plist */,
			);
			path = MovieGuru;
			sourceTree = "<group>";
		};
		7939BE472C2966B10098FCB0 /* Controllers */ = {
			isa = PBXGroup;
			children = (
				7939BE372C29661B0098FCB0 /* ViewController.swift */,
				7939BE4B2C2969510098FCB0 /* WatchlistViewController.swift */,
				7939BE492C2969130098FCB0 /* ChatAIViewController.swift */,
				7939BE4D2C2969B50098FCB0 /* ProfileViewController.swift */,
				7939BE4F2C2969E90098FCB0 /* TabBarController.swift */,
			);
			path = Controllers;
			sourceTree = "<group>";
		};
		7939BE482C2966B80098FCB0 /* Models */ = {
			isa = PBXGroup;
			children = (
				7939BE5D2C299EFB0098FCB0 /* Movie.swift */,
			);
			path = Models;
			sourceTree = "<group>";
		};
		7939BE552C299D470098FCB0 /* Views */ = {
			isa = PBXGroup;
			children = (
				7939BE592C299DAB0098FCB0 /* MovieView.swift */,
				7939BE632C29CA900098FCB0 /* MovieTableViewCell.swift */,
			);
			path = Views;
			sourceTree = "<group>";
		};
		7939BE562C299D5E0098FCB0 /* ViewModels */ = {
			isa = PBXGroup;
			children = (
				7939BE5B2C299EDE0098FCB0 /* WatchlistViewModel.swift */,
				7939BE612C29C1CE0098FCB0 /* MovieTableViewCellModel.swift */,
			);
			path = ViewModels;
			sourceTree = "<group>";
		};
		7939BE652C2A00640098FCB0 /* Resources */ = {
			isa = PBXGroup;
			children = (
				7939BE3C2C29661C0098FCB0 /* Assets.xcassets */,
				7939BE3E2C29661C0098FCB0 /* LaunchScreen.storyboard */,
				7939BE332C29661B0098FCB0 /* AppDelegate.swift */,
				7939BE352C29661B0098FCB0 /* SceneDelegate.swift */,
			);
			path = Resources;
			sourceTree = "<group>";
		};
/* End PBXGroup section */

/* Begin PBXNativeTarget section */
		7939BE2F2C29661B0098FCB0 /* MovieGuru */ = {
			isa = PBXNativeTarget;
			buildConfigurationList = 7939BE442C29661C0098FCB0 /* Build configuration list for PBXNativeTarget "MovieGuru" */;
			buildPhases = (
				7939BE2C2C29661B0098FCB0 /* Sources */,
				7939BE2D2C29661B0098FCB0 /* Frameworks */,
				7939BE2E2C29661B0098FCB0 /* Resources */,
			);
			buildRules = (
			);
			dependencies = (
			);
			name = MovieGuru;
			productName = MovieGuru;
			productReference = 7939BE302C29661B0098FCB0 /* MovieGuru.app */;
			productType = "com.apple.product-type.application";
		};
/* End PBXNativeTarget section */

/* Begin PBXProject section */
		7939BE282C29661B0098FCB0 /* Project object */ = {
			isa = PBXProject;
			attributes = {
				BuildIndependentTargetsInParallel = 1;
				LastSwiftUpdateCheck = 1540;
				LastUpgradeCheck = 1540;
				TargetAttributes = {
					7939BE2F2C29661B0098FCB0 = {
						CreatedOnToolsVersion = 15.4;
					};
				};
			};
			buildConfigurationList = 7939BE2B2C29661B0098FCB0 /* Build configuration list for PBXProject "MovieGuru" */;
			compatibilityVersion = "Xcode 14.0";
			developmentRegion = en;
			hasScannedForEncodings = 0;
			knownRegions = (
				en,
				Base,
			);
			mainGroup = 7939BE272C29661B0098FCB0;
			productRefGroup = 7939BE312C29661B0098FCB0 /* Products */;
			projectDirPath = "";
			projectRoot = "";
			targets = (
				7939BE2F2C29661B0098FCB0 /* MovieGuru */,
			);
		};
/* End PBXProject section */

/* Begin PBXResourcesBuildPhase section */
		7939BE2E2C29661B0098FCB0 /* Resources */ = {
			isa = PBXResourcesBuildPhase;
			buildActionMask = 2147483647;
			files = (
				7939BE3D2C29661C0098FCB0 /* Assets.xcassets in Resources */,
				7939BE402C29661C0098FCB0 /* Base in Resources */,
			);
			runOnlyForDeploymentPostprocessing = 0;
		};
/* End PBXResourcesBuildPhase section */

/* Begin PBXSourcesBuildPhase section */
		7939BE2C2C29661B0098FCB0 /* Sources */ = {
			isa = PBXSourcesBuildPhase;
			buildActionMask = 2147483647;
			files = (
				7939BE382C29661B0098FCB0 /* ViewController.swift in Sources */,
				7939BE4E2C2969B50098FCB0 /* ProfileViewController.swift in Sources */,
				7939BE642C29CA900098FCB0 /* MovieTableViewCell.swift in Sources */,
				7939BE5C2C299EDE0098FCB0 /* WatchlistViewModel.swift in Sources */,
				7939BE4C2C2969510098FCB0 /* WatchlistViewController.swift in Sources */,
				7939BE622C29C1CE0098FCB0 /* MovieTableViewCellModel.swift in Sources */,
				7939BE5E2C299EFB0098FCB0 /* Movie.swift in Sources */,
				7939BE342C29661B0098FCB0 /* AppDelegate.swift in Sources */,
				7939BE5A2C299DAB0098FCB0 /* MovieView.swift in Sources */,
				7939BE502C2969E90098FCB0 /* TabBarController.swift in Sources */,
				7939BE4A2C2969130098FCB0 /* ChatAIViewController.swift in Sources */,
				7939BE362C29661B0098FCB0 /* SceneDelegate.swift in Sources */,
			);
			runOnlyForDeploymentPostprocessing = 0;
		};
/* End PBXSourcesBuildPhase section */

/* Begin PBXVariantGroup section */
		7939BE3E2C29661C0098FCB0 /* LaunchScreen.storyboard */ = {
			isa = PBXVariantGroup;
			children = (
				7939BE3F2C29661C0098FCB0 /* Base */,
			);
			name = LaunchScreen.storyboard;
			sourceTree = "<group>";
		};
/* End PBXVariantGroup section */

/* Begin XCBuildConfiguration section */
		7939BE422C29661C0098FCB0 /* Debug */ = {
			isa = XCBuildConfiguration;
			buildSettings = {
				ALWAYS_SEARCH_USER_PATHS = NO;
				ASSETCATALOG_COMPILER_GENERATE_SWIFT_ASSET_SYMBOL_EXTENSIONS = YES;
				CLANG_ANALYZER_NONNULL = YES;
				CLANG_ANALYZER_NUMBER_OBJECT_CONVERSION = YES_AGGRESSIVE;
				CLANG_CXX_LANGUAGE_STANDARD = "gnu++20";
				CLANG_ENABLE_MODULES = YES;
				CLANG_ENABLE_OBJC_ARC = YES;
				CLANG_ENABLE_OBJC_WEAK = YES;
				CLANG_WARN_BLOCK_CAPTURE_AUTORELEASING = YES;
				CLANG_WARN_BOOL_CONVERSION = YES;
				CLANG_WARN_COMMA = YES;
				CLANG_WARN_CONSTANT_CONVERSION = YES;
				CLANG_WARN_DEPRECATED_OBJC_IMPLEMENTATIONS = YES;
				CLANG_WARN_DIRECT_OBJC_ISA_USAGE = YES_ERROR;
				CLANG_WARN_DOCUMENTATION_COMMENTS = YES;
				CLANG_WARN_EMPTY_BODY = YES;
				CLANG_WARN_ENUM_CONVERSION = YES;
				CLANG_WARN_INFINITE_RECURSION = YES;
				CLANG_WARN_INT_CONVERSION = YES;
				CLANG_WARN_NON_LITERAL_NULL_CONVERSION = YES;
				CLANG_WARN_OBJC_IMPLICIT_RETAIN_SELF = YES;
				CLANG_WARN_OBJC_LITERAL_CONVERSION = YES;
				CLANG_WARN_OBJC_ROOT_CLASS = YES_ERROR;
				CLANG_WARN_QUOTED_INCLUDE_IN_FRAMEWORK_HEADER = YES;
				CLANG_WARN_RANGE_LOOP_ANALYSIS = YES;
				CLANG_WARN_STRICT_PROTOTYPES = YES;
				CLANG_WARN_SUSPICIOUS_MOVE = YES;
				CLANG_WARN_UNGUARDED_AVAILABILITY = YES_AGGRESSIVE;
				CLANG_WARN_UNREACHABLE_CODE = YES;
				CLANG_WARN__DUPLICATE_METHOD_MATCH = YES;
				COPY_PHASE_STRIP = NO;
				DEBUG_INFORMATION_FORMAT = dwarf;
				ENABLE_STRICT_OBJC_MSGSEND = YES;
				ENABLE_TESTABILITY = YES;
				ENABLE_USER_SCRIPT_SANDBOXING = YES;
				GCC_C_LANGUAGE_STANDARD = gnu17;
				GCC_DYNAMIC_NO_PIC = NO;
				GCC_NO_COMMON_BLOCKS = YES;
				GCC_OPTIMIZATION_LEVEL = 0;
				GCC_PREPROCESSOR_DEFINITIONS = (
					"DEBUG=1",
					"$(inherited)",
				);
				GCC_WARN_64_TO_32_BIT_CONVERSION = YES;
				GCC_WARN_ABOUT_RETURN_TYPE = YES_ERROR;
				GCC_WARN_UNDECLARED_SELECTOR = YES;
				GCC_WARN_UNINITIALIZED_AUTOS = YES_AGGRESSIVE;
				GCC_WARN_UNUSED_FUNCTION = YES;
				GCC_WARN_UNUSED_VARIABLE = YES;
				IPHONEOS_DEPLOYMENT_TARGET = 17.5;
				LOCALIZATION_PREFERS_STRING_CATALOGS = YES;
				MTL_ENABLE_DEBUG_INFO = INCLUDE_SOURCE;
				MTL_FAST_MATH = YES;
				ONLY_ACTIVE_ARCH = YES;
				SDKROOT = iphoneos;
				SWIFT_ACTIVE_COMPILATION_CONDITIONS = "DEBUG $(inherited)";
				SWIFT_OPTIMIZATION_LEVEL = "-Onone";
			};
			name = Debug;
		};
		7939BE432C29661C0098FCB0 /* Release */ = {
			isa = XCBuildConfiguration;
			buildSettings = {
				ALWAYS_SEARCH_USER_PATHS = NO;
				ASSETCATALOG_COMPILER_GENERATE_SWIFT_ASSET_SYMBOL_EXTENSIONS = YES;
				CLANG_ANALYZER_NONNULL = YES;
				CLANG_ANALYZER_NUMBER_OBJECT_CONVERSION = YES_AGGRESSIVE;
				CLANG_CXX_LANGUAGE_STANDARD = "gnu++20";
				CLANG_ENABLE_MODULES = YES;
				CLANG_ENABLE_OBJC_ARC = YES;
				CLANG_ENABLE_OBJC_WEAK = YES;
				CLANG_WARN_BLOCK_CAPTURE_AUTORELEASING = YES;
				CLANG_WARN_BOOL_CONVERSION = YES;
				CLANG_WARN_COMMA = YES;
				CLANG_WARN_CONSTANT_CONVERSION = YES;
				CLANG_WARN_DEPRECATED_OBJC_IMPLEMENTATIONS = YES;
				CLANG_WARN_DIRECT_OBJC_ISA_USAGE = YES_ERROR;
				CLANG_WARN_DOCUMENTATION_COMMENTS = YES;
				CLANG_WARN_EMPTY_BODY = YES;
				CLANG_WARN_ENUM_CONVERSION = YES;
				CLANG_WARN_INFINITE_RECURSION = YES;
				CLANG_WARN_INT_CONVERSION = YES;
				CLANG_WARN_NON_LITERAL_NULL_CONVERSION = YES;
				CLANG_WARN_OBJC_IMPLICIT_RETAIN_SELF = YES;
				CLANG_WARN_OBJC_LITERAL_CONVERSION = YES;
				CLANG_WARN_OBJC_ROOT_CLASS = YES_ERROR;
				CLANG_WARN_QUOTED_INCLUDE_IN_FRAMEWORK_HEADER = YES;
				CLANG_WARN_RANGE_LOOP_ANALYSIS = YES;
				CLANG_WARN_STRICT_PROTOTYPES = YES;
				CLANG_WARN_SUSPICIOUS_MOVE = YES;
				CLANG_WARN_UNGUARDED_AVAILABILITY = YES_AGGRESSIVE;
				CLANG_WARN_UNREACHABLE_CODE = YES;
				CLANG_WARN__DUPLICATE_METHOD_MATCH = YES;
				COPY_PHASE_STRIP = NO;
				DEBUG_INFORMATION_FORMAT = "dwarf-with-dsym";
				ENABLE_NS_ASSERTIONS = NO;
				ENABLE_STRICT_OBJC_MSGSEND = YES;
				ENABLE_USER_SCRIPT_SANDBOXING = YES;
				GCC_C_LANGUAGE_STANDARD = gnu17;
				GCC_NO_COMMON_BLOCKS = YES;
				GCC_WARN_64_TO_32_BIT_CONVERSION = YES;
				GCC_WARN_ABOUT_RETURN_TYPE = YES_ERROR;
				GCC_WARN_UNDECLARED_SELECTOR = YES;
				GCC_WARN_UNINITIALIZED_AUTOS = YES_AGGRESSIVE;
				GCC_WARN_UNUSED_FUNCTION = YES;
				GCC_WARN_UNUSED_VARIABLE = YES;
				IPHONEOS_DEPLOYMENT_TARGET = 17.5;
				LOCALIZATION_PREFERS_STRING_CATALOGS = YES;
				MTL_ENABLE_DEBUG_INFO = NO;
				MTL_FAST_MATH = YES;
				SDKROOT = iphoneos;
				SWIFT_COMPILATION_MODE = wholemodule;
				VALIDATE_PRODUCT = YES;
			};
			name = Release;
		};
		7939BE452C29661C0098FCB0 /* Debug */ = {
			isa = XCBuildConfiguration;
			buildSettings = {
				ASSETCATALOG_COMPILER_APPICON_NAME = AppIcon;
				ASSETCATALOG_COMPILER_GLOBAL_ACCENT_COLOR_NAME = AccentColor;
				CODE_SIGN_STYLE = Automatic;
				CURRENT_PROJECT_VERSION = 1;
				GENERATE_INFOPLIST_FILE = YES;
				INFOPLIST_FILE = MovieGuru/Info.plist;
				INFOPLIST_KEY_UIApplicationSupportsIndirectInputEvents = YES;
				INFOPLIST_KEY_UILaunchStoryboardName = LaunchScreen;
				INFOPLIST_KEY_UISupportedInterfaceOrientations_iPad = "UIInterfaceOrientationPortrait UIInterfaceOrientationPortraitUpsideDown UIInterfaceOrientationLandscapeLeft UIInterfaceOrientationLandscapeRight";
				INFOPLIST_KEY_UISupportedInterfaceOrientations_iPhone = "UIInterfaceOrientationPortrait UIInterfaceOrientationLandscapeLeft UIInterfaceOrientationLandscapeRight";
				LD_RUNPATH_SEARCH_PATHS = (
					"$(inherited)",
					"@executable_path/Frameworks",
				);
				MARKETING_VERSION = 1.0;
				PRODUCT_BUNDLE_IDENTIFIER = denibondarenkq.MovieGuru;
				PRODUCT_NAME = "$(TARGET_NAME)";
				SWIFT_EMIT_LOC_STRINGS = YES;
				SWIFT_VERSION = 5.0;
				TARGETED_DEVICE_FAMILY = "1,2";
			};
			name = Debug;
		};
		7939BE462C29661C0098FCB0 /* Release */ = {
			isa = XCBuildConfiguration;
			buildSettings = {
				ASSETCATALOG_COMPILER_APPICON_NAME = AppIcon;
				ASSETCATALOG_COMPILER_GLOBAL_ACCENT_COLOR_NAME = AccentColor;
				CODE_SIGN_STYLE = Automatic;
				CURRENT_PROJECT_VERSION = 1;
				GENERATE_INFOPLIST_FILE = YES;
				INFOPLIST_FILE = MovieGuru/Info.plist;
				INFOPLIST_KEY_UIApplicationSupportsIndirectInputEvents = YES;
				INFOPLIST_KEY_UILaunchStoryboardName = LaunchScreen;
				INFOPLIST_KEY_UISupportedInterfaceOrientations_iPad = "UIInterfaceOrientationPortrait UIInterfaceOrientationPortraitUpsideDown UIInterfaceOrientationLandscapeLeft UIInterfaceOrientationLandscapeRight";
				INFOPLIST_KEY_UISupportedInterfaceOrientations_iPhone = "UIInterfaceOrientationPortrait UIInterfaceOrientationLandscapeLeft UIInterfaceOrientationLandscapeRight";
				LD_RUNPATH_SEARCH_PATHS = (
					"$(inherited)",
					"@executable_path/Frameworks",
				);
				MARKETING_VERSION = 1.0;
				PRODUCT_BUNDLE_IDENTIFIER = denibondarenkq.MovieGuru;
				PRODUCT_NAME = "$(TARGET_NAME)";
				SWIFT_EMIT_LOC_STRINGS = YES;
				SWIFT_VERSION = 5.0;
				TARGETED_DEVICE_FAMILY = "1,2";
			};
			name = Release;
		};
/* End XCBuildConfiguration section */

/* Begin XCConfigurationList section */
		7939BE2B2C29661B0098FCB0 /* Build configuration list for PBXProject "MovieGuru" */ = {
			isa = XCConfigurationList;
			buildConfigurations = (
				7939BE422C29661C0098FCB0 /* Debug */,
				7939BE432C29661C0098FCB0 /* Release */,
			);
			defaultConfigurationIsVisible = 0;
			defaultConfigurationName = Release;
		};
		7939BE442C29661C0098FCB0 /* Build configuration list for PBXNativeTarget "MovieGuru" */ = {
			isa = XCConfigurationList;
			buildConfigurations = (
				7939BE452C29661C0098FCB0 /* Debug */,
				7939BE462C29661C0098FCB0 /* Release */,
			);
			defaultConfigurationIsVisible = 0;
			defaultConfigurationName = Release;
		};
/* End XCConfigurationList section */
	};
	rootObject = 7939BE282C29661B0098FCB0 /* Project object */;
}
