// !$*UTF8*$!
{
	archiveVersion = 1;
	classes = {
	};
	objectVersion = 56;
	objects = {

/* Begin PBXBuildFile section */
		7924E61A2C6637D90017B5BE /* SectionHeaderView.swift in Sources */ = {isa = PBXBuildFile; fileRef = 7924E6192C6637D90017B5BE /* SectionHeaderView.swift */; };
		7939BE342C29661B0098FCB0 /* AppDelegate.swift in Sources */ = {isa = PBXBuildFile; fileRef = 7939BE332C29661B0098FCB0 /* AppDelegate.swift */; };
		7939BE362C29661B0098FCB0 /* SceneDelegate.swift in Sources */ = {isa = PBXBuildFile; fileRef = 7939BE352C29661B0098FCB0 /* SceneDelegate.swift */; };
		7939BE3D2C29661C0098FCB0 /* Assets.xcassets in Resources */ = {isa = PBXBuildFile; fileRef = 7939BE3C2C29661C0098FCB0 /* Assets.xcassets */; };
		7939BE402C29661C0098FCB0 /* Base in Resources */ = {isa = PBXBuildFile; fileRef = 7939BE3F2C29661C0098FCB0 /* Base */; };
		7939BE4C2C2969510098FCB0 /* MoviesListViewController.swift in Sources */ = {isa = PBXBuildFile; fileRef = 7939BE4B2C2969510098FCB0 /* MoviesListViewController.swift */; };
		7939BE4E2C2969B50098FCB0 /* ProfileViewController.swift in Sources */ = {isa = PBXBuildFile; fileRef = 7939BE4D2C2969B50098FCB0 /* ProfileViewController.swift */; };
		7939BE502C2969E90098FCB0 /* TabBarController.swift in Sources */ = {isa = PBXBuildFile; fileRef = 7939BE4F2C2969E90098FCB0 /* TabBarController.swift */; };
		7939BE5A2C299DAB0098FCB0 /* MoviesTableView.swift in Sources */ = {isa = PBXBuildFile; fileRef = 7939BE592C299DAB0098FCB0 /* MoviesTableView.swift */; };
		7939BE5C2C299EDE0098FCB0 /* MoviesTableViewViewModel.swift in Sources */ = {isa = PBXBuildFile; fileRef = 7939BE5B2C299EDE0098FCB0 /* MoviesTableViewViewModel.swift */; };
		7939BE622C29C1CE0098FCB0 /* MovieTableViewCellViewModel.swift in Sources */ = {isa = PBXBuildFile; fileRef = 7939BE612C29C1CE0098FCB0 /* MovieTableViewCellViewModel.swift */; };
		7939BE642C29CA900098FCB0 /* MovieTableViewCell.swift in Sources */ = {isa = PBXBuildFile; fileRef = 7939BE632C29CA900098FCB0 /* MovieTableViewCell.swift */; };
		79448BE42C4C16CC00F00C21 /* CacheManager.swift in Sources */ = {isa = PBXBuildFile; fileRef = 79448BE32C4C16CC00F00C21 /* CacheManager.swift */; };
		79448BE62C4C464F00F00C21 /* LoadingFooterView.swift in Sources */ = {isa = PBXBuildFile; fileRef = 79448BE52C4C464F00F00C21 /* LoadingFooterView.swift */; };
		7956FCFD2C3844A500DB6247 /* Movie.swift in Sources */ = {isa = PBXBuildFile; fileRef = 7956FCFC2C3844A500DB6247 /* Movie.swift */; };
		7956FD012C3859AF00DB6247 /* SessionManager.swift in Sources */ = {isa = PBXBuildFile; fileRef = 7956FD002C3859AF00DB6247 /* SessionManager.swift */; };
		7956FD032C385ABA00DB6247 /* HTTPMethod.swift in Sources */ = {isa = PBXBuildFile; fileRef = 7956FD022C385ABA00DB6247 /* HTTPMethod.swift */; };
		7956FD062C385B2300DB6247 /* Endpoint.swift in Sources */ = {isa = PBXBuildFile; fileRef = 7956FD052C385B2300DB6247 /* Endpoint.swift */; };
		7956FD082C38622300DB6247 /* NetworkService.swift in Sources */ = {isa = PBXBuildFile; fileRef = 7956FD072C38622300DB6247 /* NetworkService.swift */; };
		7956FD0C2C3961D300DB6247 /* Genre.swift in Sources */ = {isa = PBXBuildFile; fileRef = 7956FD0B2C3961D300DB6247 /* Genre.swift */; };
		7956FD102C39A50C00DB6247 /* TextStyle.swift in Sources */ = {isa = PBXBuildFile; fileRef = 7956FD0F2C39A50C00DB6247 /* TextStyle.swift */; };
		7977CFAB2C7A60100004AC5C /* VibeConfigurationViewModel.swift in Sources */ = {isa = PBXBuildFile; fileRef = 7977CFAA2C7A60100004AC5C /* VibeConfigurationViewModel.swift */; };
		7977CFAD2C7A607E0004AC5C /* VibeButtonCollectionViewCell.swift in Sources */ = {isa = PBXBuildFile; fileRef = 7977CFAC2C7A607E0004AC5C /* VibeButtonCollectionViewCell.swift */; };
		7977CFAF2C7A60A90004AC5C /* CenteredVibeButtonFlowLayout.swift in Sources */ = {isa = PBXBuildFile; fileRef = 7977CFAE2C7A60A90004AC5C /* CenteredVibeButtonFlowLayout.swift */; };
		7977CFB12C7AABEB0004AC5C /* DefaultButtonView.swift in Sources */ = {isa = PBXBuildFile; fileRef = 7977CFB02C7AABEB0004AC5C /* DefaultButtonView.swift */; };
		7986113E2C62C59F00FF7254 /* ImageService.swift in Sources */ = {isa = PBXBuildFile; fileRef = 7986113D2C62C59F00FF7254 /* ImageService.swift */; };
		798611402C63DB8D00FF7254 /* Backdrop.swift in Sources */ = {isa = PBXBuildFile; fileRef = 7986113F2C63DB8D00FF7254 /* Backdrop.swift */; };
		798611422C63DD0C00FF7254 /* Cast.swift in Sources */ = {isa = PBXBuildFile; fileRef = 798611412C63DD0C00FF7254 /* Cast.swift */; };
		798611452C63E42700FF7254 /* BackdropCollectionViewCellViewModel.swift in Sources */ = {isa = PBXBuildFile; fileRef = 798611442C63E42700FF7254 /* BackdropCollectionViewCellViewModel.swift */; };
		798611482C63E65400FF7254 /* MovieDetailSectionsView.swift in Sources */ = {isa = PBXBuildFile; fileRef = 798611472C63E65400FF7254 /* MovieDetailSectionsView.swift */; };
		7986114B2C63F08100FF7254 /* BackdropCollectionViewCell.swift in Sources */ = {isa = PBXBuildFile; fileRef = 7986114A2C63F08100FF7254 /* BackdropCollectionViewCell.swift */; };
		7986114D2C6503EC00FF7254 /* CastCollectionViewCell.swift in Sources */ = {isa = PBXBuildFile; fileRef = 7986114C2C6503EC00FF7254 /* CastCollectionViewCell.swift */; };
		7986114F2C650BBE00FF7254 /* CastCollectionViewCellViewModel.swift in Sources */ = {isa = PBXBuildFile; fileRef = 7986114E2C650BBE00FF7254 /* CastCollectionViewCellViewModel.swift */; };
		79B1462F2C66790700114F7E /* Spacing.swift in Sources */ = {isa = PBXBuildFile; fileRef = 79B1462E2C66790700114F7E /* Spacing.swift */; };
		79B146312C67E2C900114F7E /* Review.swift in Sources */ = {isa = PBXBuildFile; fileRef = 79B146302C67E2C900114F7E /* Review.swift */; };
		79B146332C68F6C100114F7E /* ImageCollectionViewCellViewModel.swift in Sources */ = {isa = PBXBuildFile; fileRef = 79B146322C68F6C100114F7E /* ImageCollectionViewCellViewModel.swift */; };
		79B146352C68F6F200114F7E /* GenreCollectionViewCellViewModel.swift in Sources */ = {isa = PBXBuildFile; fileRef = 79B146342C68F6F200114F7E /* GenreCollectionViewCellViewModel.swift */; };
		79B146372C68F84F00114F7E /* MovieCollectionViewCellViewModel.swift in Sources */ = {isa = PBXBuildFile; fileRef = 79B146362C68F84F00114F7E /* MovieCollectionViewCellViewModel.swift */; };
		79B146392C6A41A600114F7E /* ReviewCollectionViewCellViewModel.swift in Sources */ = {isa = PBXBuildFile; fileRef = 79B146382C6A41A600114F7E /* ReviewCollectionViewCellViewModel.swift */; };
		79B1463F2C6A671C00114F7E /* ImageCollectionViewCell.swift in Sources */ = {isa = PBXBuildFile; fileRef = 79B1463E2C6A671C00114F7E /* ImageCollectionViewCell.swift */; };
		79B146412C6A98BE00114F7E /* ReviewCollectionViewCell.swift in Sources */ = {isa = PBXBuildFile; fileRef = 79B146402C6A98BE00114F7E /* ReviewCollectionViewCell.swift */; };
		79B146432C6D18FF00114F7E /* GenreCollectionViewCell.swift in Sources */ = {isa = PBXBuildFile; fileRef = 79B146422C6D18FF00114F7E /* GenreCollectionViewCell.swift */; };
		79B146452C6D2F0F00114F7E /* MovieCollectionViewCell.swift in Sources */ = {isa = PBXBuildFile; fileRef = 79B146442C6D2F0F00114F7E /* MovieCollectionViewCell.swift */; };
		79B146492C6D47A000114F7E /* FactCollectionViewCellViewModel.swift in Sources */ = {isa = PBXBuildFile; fileRef = 79B146482C6D47A000114F7E /* FactCollectionViewCellViewModel.swift */; };
		79B1464B2C6D47C700114F7E /* FactCollectionViewCell.swift in Sources */ = {isa = PBXBuildFile; fileRef = 79B1464A2C6D47C700114F7E /* FactCollectionViewCell.swift */; };
		79B1464D2C6E76C500114F7E /* OverviewCollectionViewCellViewModel.swift in Sources */ = {isa = PBXBuildFile; fileRef = 79B1464C2C6E76C500114F7E /* OverviewCollectionViewCellViewModel.swift */; };
		79B1464F2C6E76F400114F7E /* OverviewCollectionViewCell.swift in Sources */ = {isa = PBXBuildFile; fileRef = 79B1464E2C6E76F400114F7E /* OverviewCollectionViewCell.swift */; };
		79C69EFB2C5EF01000F463EB /* MovieDetailViewController.swift in Sources */ = {isa = PBXBuildFile; fileRef = 79C69EFA2C5EF00F00F463EB /* MovieDetailViewController.swift */; };
		79C69EFD2C5EF18F00F463EB /* MovieDetailSectionsViewViewModel.swift in Sources */ = {isa = PBXBuildFile; fileRef = 79C69EFC2C5EF18F00F463EB /* MovieDetailSectionsViewViewModel.swift */; };
		79C903D12C7CBE2900CD949A /* AuthModels.swift in Sources */ = {isa = PBXBuildFile; fileRef = 79C903D02C7CBE2900CD949A /* AuthModels.swift */; };
		79C903D32C7CC09300CD949A /* AuthViewModel.swift in Sources */ = {isa = PBXBuildFile; fileRef = 79C903D22C7CC09300CD949A /* AuthViewModel.swift */; };
		79C903D52C7CC33B00CD949A /* AuthViewController.swift in Sources */ = {isa = PBXBuildFile; fileRef = 79C903D42C7CC33B00CD949A /* AuthViewController.swift */; };
		79C903D92C7E3AF400CD949A /* APIResponse.swift in Sources */ = {isa = PBXBuildFile; fileRef = 79C903D82C7E3AF400CD949A /* APIResponse.swift */; };
		79C903DB2C7E8FB400CD949A /* Secrets.plist in Resources */ = {isa = PBXBuildFile; fileRef = 79C903DA2C7E8FB400CD949A /* Secrets.plist */; };
		79C903DE2C7E945F00CD949A /* GoogleGenerativeAI in Frameworks */ = {isa = PBXBuildFile; productRef = 79C903DD2C7E945F00CD949A /* GoogleGenerativeAI */; };
		79C903E02C7E95DD00CD949A /* APIKeyManager.swift in Sources */ = {isa = PBXBuildFile; fileRef = 79C903DF2C7E95DD00CD949A /* APIKeyManager.swift */; };
		79C903E22C7E978E00CD949A /* GeminiService.swift in Sources */ = {isa = PBXBuildFile; fileRef = 79C903E12C7E978E00CD949A /* GeminiService.swift */; };
		79C903E42C7F7B6B00CD949A /* AccountMoviesListViewController.swift in Sources */ = {isa = PBXBuildFile; fileRef = 79C903E32C7F7B6B00CD949A /* AccountMoviesListViewController.swift */; };
		79C903E62C7FA3D200CD949A /* VibeListViewController.swift in Sources */ = {isa = PBXBuildFile; fileRef = 79C903E52C7FA3D200CD949A /* VibeListViewController.swift */; };
		79C903E82C7FA3ED00CD949A /* VibeListViewModel.swift in Sources */ = {isa = PBXBuildFile; fileRef = 79C903E72C7FA3ED00CD949A /* VibeListViewModel.swift */; };
		79C903EA2C8117BA00CD949A /* MoviesTableViewProtocol.swift in Sources */ = {isa = PBXBuildFile; fileRef = 79C903E92C8117BA00CD949A /* MoviesTableViewProtocol.swift */; };
		79C903EC2C82279700CD949A /* Vibe.swift in Sources */ = {isa = PBXBuildFile; fileRef = 79C903EB2C82279700CD949A /* Vibe.swift */; };
		79ED69F82C6FC8770051B252 /* ShadowView.swift in Sources */ = {isa = PBXBuildFile; fileRef = 79ED69F72C6FC8770051B252 /* ShadowView.swift */; };
		79ED6A002C7405590051B252 /* VibeSearchViewController.swift in Sources */ = {isa = PBXBuildFile; fileRef = 79ED69FF2C7405590051B252 /* VibeSearchViewController.swift */; };
		79ED6A022C74057A0051B252 /* VibeConfigurationViewController.swift in Sources */ = {isa = PBXBuildFile; fileRef = 79ED6A012C74057A0051B252 /* VibeConfigurationViewController.swift */; };
/* End PBXBuildFile section */

/* Begin PBXFileReference section */
		7924E6192C6637D90017B5BE /* SectionHeaderView.swift */ = {isa = PBXFileReference; lastKnownFileType = sourcecode.swift; path = SectionHeaderView.swift; sourceTree = "<group>"; };
		7939BE302C29661B0098FCB0 /* VibeMovieFinder.app */ = {isa = PBXFileReference; explicitFileType = wrapper.application; includeInIndex = 0; path = VibeMovieFinder.app; sourceTree = BUILT_PRODUCTS_DIR; };
		7939BE332C29661B0098FCB0 /* AppDelegate.swift */ = {isa = PBXFileReference; lastKnownFileType = sourcecode.swift; path = AppDelegate.swift; sourceTree = "<group>"; };
		7939BE352C29661B0098FCB0 /* SceneDelegate.swift */ = {isa = PBXFileReference; lastKnownFileType = sourcecode.swift; path = SceneDelegate.swift; sourceTree = "<group>"; };
		7939BE3C2C29661C0098FCB0 /* Assets.xcassets */ = {isa = PBXFileReference; lastKnownFileType = folder.assetcatalog; path = Assets.xcassets; sourceTree = "<group>"; };
		7939BE3F2C29661C0098FCB0 /* Base */ = {isa = PBXFileReference; lastKnownFileType = file.storyboard; name = Base; path = Base.lproj/LaunchScreen.storyboard; sourceTree = "<group>"; };
		7939BE412C29661C0098FCB0 /* Info.plist */ = {isa = PBXFileReference; lastKnownFileType = text.plist.xml; path = Info.plist; sourceTree = "<group>"; };
		7939BE4B2C2969510098FCB0 /* MoviesListViewController.swift */ = {isa = PBXFileReference; lastKnownFileType = sourcecode.swift; path = MoviesListViewController.swift; sourceTree = "<group>"; };
		7939BE4D2C2969B50098FCB0 /* ProfileViewController.swift */ = {isa = PBXFileReference; lastKnownFileType = sourcecode.swift; path = ProfileViewController.swift; sourceTree = "<group>"; };
		7939BE4F2C2969E90098FCB0 /* TabBarController.swift */ = {isa = PBXFileReference; lastKnownFileType = sourcecode.swift; path = TabBarController.swift; sourceTree = "<group>"; };
		7939BE592C299DAB0098FCB0 /* MoviesTableView.swift */ = {isa = PBXFileReference; lastKnownFileType = sourcecode.swift; path = MoviesTableView.swift; sourceTree = "<group>"; };
		7939BE5B2C299EDE0098FCB0 /* MoviesTableViewViewModel.swift */ = {isa = PBXFileReference; lastKnownFileType = sourcecode.swift; path = MoviesTableViewViewModel.swift; sourceTree = "<group>"; };
		7939BE612C29C1CE0098FCB0 /* MovieTableViewCellViewModel.swift */ = {isa = PBXFileReference; lastKnownFileType = sourcecode.swift; path = MovieTableViewCellViewModel.swift; sourceTree = "<group>"; };
		7939BE632C29CA900098FCB0 /* MovieTableViewCell.swift */ = {isa = PBXFileReference; lastKnownFileType = sourcecode.swift; path = MovieTableViewCell.swift; sourceTree = "<group>"; };
		79448BE32C4C16CC00F00C21 /* CacheManager.swift */ = {isa = PBXFileReference; lastKnownFileType = sourcecode.swift; path = CacheManager.swift; sourceTree = "<group>"; };
		79448BE52C4C464F00F00C21 /* LoadingFooterView.swift */ = {isa = PBXFileReference; lastKnownFileType = sourcecode.swift; path = LoadingFooterView.swift; sourceTree = "<group>"; };
		7956FCFC2C3844A500DB6247 /* Movie.swift */ = {isa = PBXFileReference; lastKnownFileType = sourcecode.swift; path = Movie.swift; sourceTree = "<group>"; };
		7956FD002C3859AF00DB6247 /* SessionManager.swift */ = {isa = PBXFileReference; lastKnownFileType = sourcecode.swift; path = SessionManager.swift; sourceTree = "<group>"; };
		7956FD022C385ABA00DB6247 /* HTTPMethod.swift */ = {isa = PBXFileReference; lastKnownFileType = sourcecode.swift; path = HTTPMethod.swift; sourceTree = "<group>"; };
		7956FD052C385B2300DB6247 /* Endpoint.swift */ = {isa = PBXFileReference; lastKnownFileType = sourcecode.swift; path = Endpoint.swift; sourceTree = "<group>"; };
		7956FD072C38622300DB6247 /* NetworkService.swift */ = {isa = PBXFileReference; lastKnownFileType = sourcecode.swift; path = NetworkService.swift; sourceTree = "<group>"; };
		7956FD0B2C3961D300DB6247 /* Genre.swift */ = {isa = PBXFileReference; lastKnownFileType = sourcecode.swift; path = Genre.swift; sourceTree = "<group>"; };
		7956FD0F2C39A50C00DB6247 /* TextStyle.swift */ = {isa = PBXFileReference; lastKnownFileType = sourcecode.swift; path = TextStyle.swift; sourceTree = "<group>"; };
		7977CFAA2C7A60100004AC5C /* VibeConfigurationViewModel.swift */ = {isa = PBXFileReference; lastKnownFileType = sourcecode.swift; path = VibeConfigurationViewModel.swift; sourceTree = "<group>"; };
		7977CFAC2C7A607E0004AC5C /* VibeButtonCollectionViewCell.swift */ = {isa = PBXFileReference; lastKnownFileType = sourcecode.swift; path = VibeButtonCollectionViewCell.swift; sourceTree = "<group>"; };
		7977CFAE2C7A60A90004AC5C /* CenteredVibeButtonFlowLayout.swift */ = {isa = PBXFileReference; lastKnownFileType = sourcecode.swift; path = CenteredVibeButtonFlowLayout.swift; sourceTree = "<group>"; };
		7977CFB02C7AABEB0004AC5C /* DefaultButtonView.swift */ = {isa = PBXFileReference; lastKnownFileType = sourcecode.swift; path = DefaultButtonView.swift; sourceTree = "<group>"; };
		7986113D2C62C59F00FF7254 /* ImageService.swift */ = {isa = PBXFileReference; lastKnownFileType = sourcecode.swift; path = ImageService.swift; sourceTree = "<group>"; };
		7986113F2C63DB8D00FF7254 /* Backdrop.swift */ = {isa = PBXFileReference; lastKnownFileType = sourcecode.swift; path = Backdrop.swift; sourceTree = "<group>"; };
		798611412C63DD0C00FF7254 /* Cast.swift */ = {isa = PBXFileReference; lastKnownFileType = sourcecode.swift; path = Cast.swift; sourceTree = "<group>"; };
		798611442C63E42700FF7254 /* BackdropCollectionViewCellViewModel.swift */ = {isa = PBXFileReference; lastKnownFileType = sourcecode.swift; path = BackdropCollectionViewCellViewModel.swift; sourceTree = "<group>"; };
		798611472C63E65400FF7254 /* MovieDetailSectionsView.swift */ = {isa = PBXFileReference; lastKnownFileType = sourcecode.swift; path = MovieDetailSectionsView.swift; sourceTree = "<group>"; };
		7986114A2C63F08100FF7254 /* BackdropCollectionViewCell.swift */ = {isa = PBXFileReference; lastKnownFileType = sourcecode.swift; path = BackdropCollectionViewCell.swift; sourceTree = "<group>"; };
		7986114C2C6503EC00FF7254 /* CastCollectionViewCell.swift */ = {isa = PBXFileReference; lastKnownFileType = sourcecode.swift; path = CastCollectionViewCell.swift; sourceTree = "<group>"; };
		7986114E2C650BBE00FF7254 /* CastCollectionViewCellViewModel.swift */ = {isa = PBXFileReference; lastKnownFileType = sourcecode.swift; path = CastCollectionViewCellViewModel.swift; sourceTree = "<group>"; };
		79B1462E2C66790700114F7E /* Spacing.swift */ = {isa = PBXFileReference; lastKnownFileType = sourcecode.swift; path = Spacing.swift; sourceTree = "<group>"; };
		79B146302C67E2C900114F7E /* Review.swift */ = {isa = PBXFileReference; lastKnownFileType = sourcecode.swift; path = Review.swift; sourceTree = "<group>"; };
		79B146322C68F6C100114F7E /* ImageCollectionViewCellViewModel.swift */ = {isa = PBXFileReference; lastKnownFileType = sourcecode.swift; path = ImageCollectionViewCellViewModel.swift; sourceTree = "<group>"; };
		79B146342C68F6F200114F7E /* GenreCollectionViewCellViewModel.swift */ = {isa = PBXFileReference; lastKnownFileType = sourcecode.swift; path = GenreCollectionViewCellViewModel.swift; sourceTree = "<group>"; };
		79B146362C68F84F00114F7E /* MovieCollectionViewCellViewModel.swift */ = {isa = PBXFileReference; lastKnownFileType = sourcecode.swift; path = MovieCollectionViewCellViewModel.swift; sourceTree = "<group>"; };
		79B146382C6A41A600114F7E /* ReviewCollectionViewCellViewModel.swift */ = {isa = PBXFileReference; lastKnownFileType = sourcecode.swift; path = ReviewCollectionViewCellViewModel.swift; sourceTree = "<group>"; };
		79B1463E2C6A671C00114F7E /* ImageCollectionViewCell.swift */ = {isa = PBXFileReference; lastKnownFileType = sourcecode.swift; path = ImageCollectionViewCell.swift; sourceTree = "<group>"; };
		79B146402C6A98BE00114F7E /* ReviewCollectionViewCell.swift */ = {isa = PBXFileReference; lastKnownFileType = sourcecode.swift; path = ReviewCollectionViewCell.swift; sourceTree = "<group>"; };
		79B146422C6D18FF00114F7E /* GenreCollectionViewCell.swift */ = {isa = PBXFileReference; lastKnownFileType = sourcecode.swift; path = GenreCollectionViewCell.swift; sourceTree = "<group>"; };
		79B146442C6D2F0F00114F7E /* MovieCollectionViewCell.swift */ = {isa = PBXFileReference; lastKnownFileType = sourcecode.swift; path = MovieCollectionViewCell.swift; sourceTree = "<group>"; };
		79B146482C6D47A000114F7E /* FactCollectionViewCellViewModel.swift */ = {isa = PBXFileReference; lastKnownFileType = sourcecode.swift; path = FactCollectionViewCellViewModel.swift; sourceTree = "<group>"; };
		79B1464A2C6D47C700114F7E /* FactCollectionViewCell.swift */ = {isa = PBXFileReference; lastKnownFileType = sourcecode.swift; path = FactCollectionViewCell.swift; sourceTree = "<group>"; };
		79B1464C2C6E76C500114F7E /* OverviewCollectionViewCellViewModel.swift */ = {isa = PBXFileReference; lastKnownFileType = sourcecode.swift; path = OverviewCollectionViewCellViewModel.swift; sourceTree = "<group>"; };
		79B1464E2C6E76F400114F7E /* OverviewCollectionViewCell.swift */ = {isa = PBXFileReference; lastKnownFileType = sourcecode.swift; path = OverviewCollectionViewCell.swift; sourceTree = "<group>"; };
		79C69EFA2C5EF00F00F463EB /* MovieDetailViewController.swift */ = {isa = PBXFileReference; lastKnownFileType = sourcecode.swift; path = MovieDetailViewController.swift; sourceTree = "<group>"; };
		79C69EFC2C5EF18F00F463EB /* MovieDetailSectionsViewViewModel.swift */ = {isa = PBXFileReference; lastKnownFileType = sourcecode.swift; path = MovieDetailSectionsViewViewModel.swift; sourceTree = "<group>"; };
		79C903D02C7CBE2900CD949A /* AuthModels.swift */ = {isa = PBXFileReference; lastKnownFileType = sourcecode.swift; path = AuthModels.swift; sourceTree = "<group>"; };
		79C903D22C7CC09300CD949A /* AuthViewModel.swift */ = {isa = PBXFileReference; lastKnownFileType = sourcecode.swift; path = AuthViewModel.swift; sourceTree = "<group>"; };
		79C903D42C7CC33B00CD949A /* AuthViewController.swift */ = {isa = PBXFileReference; lastKnownFileType = sourcecode.swift; path = AuthViewController.swift; sourceTree = "<group>"; };
		79C903D82C7E3AF400CD949A /* APIResponse.swift */ = {isa = PBXFileReference; lastKnownFileType = sourcecode.swift; path = APIResponse.swift; sourceTree = "<group>"; };
		79C903DA2C7E8FB400CD949A /* Secrets.plist */ = {isa = PBXFileReference; fileEncoding = 4; lastKnownFileType = text.plist.xml; path = Secrets.plist; sourceTree = "<group>"; };
		79C903DF2C7E95DD00CD949A /* APIKeyManager.swift */ = {isa = PBXFileReference; lastKnownFileType = sourcecode.swift; path = APIKeyManager.swift; sourceTree = "<group>"; };
		79C903E12C7E978E00CD949A /* GeminiService.swift */ = {isa = PBXFileReference; lastKnownFileType = sourcecode.swift; path = GeminiService.swift; sourceTree = "<group>"; };
		79C903E32C7F7B6B00CD949A /* AccountMoviesListViewController.swift */ = {isa = PBXFileReference; lastKnownFileType = sourcecode.swift; path = AccountMoviesListViewController.swift; sourceTree = "<group>"; };
		79C903E52C7FA3D200CD949A /* VibeListViewController.swift */ = {isa = PBXFileReference; lastKnownFileType = sourcecode.swift; path = VibeListViewController.swift; sourceTree = "<group>"; };
		79C903E72C7FA3ED00CD949A /* VibeListViewModel.swift */ = {isa = PBXFileReference; lastKnownFileType = sourcecode.swift; path = VibeListViewModel.swift; sourceTree = "<group>"; };
		79C903E92C8117BA00CD949A /* MoviesTableViewProtocol.swift */ = {isa = PBXFileReference; lastKnownFileType = sourcecode.swift; path = MoviesTableViewProtocol.swift; sourceTree = "<group>"; };
		79C903EB2C82279700CD949A /* Vibe.swift */ = {isa = PBXFileReference; lastKnownFileType = sourcecode.swift; path = Vibe.swift; sourceTree = "<group>"; };
		79ED69F72C6FC8770051B252 /* ShadowView.swift */ = {isa = PBXFileReference; lastKnownFileType = sourcecode.swift; path = ShadowView.swift; sourceTree = "<group>"; };
		79ED69FF2C7405590051B252 /* VibeSearchViewController.swift */ = {isa = PBXFileReference; lastKnownFileType = sourcecode.swift; path = VibeSearchViewController.swift; sourceTree = "<group>"; };
		79ED6A012C74057A0051B252 /* VibeConfigurationViewController.swift */ = {isa = PBXFileReference; lastKnownFileType = sourcecode.swift; path = VibeConfigurationViewController.swift; sourceTree = "<group>"; };
/* End PBXFileReference section */

/* Begin PBXFrameworksBuildPhase section */
		7939BE2D2C29661B0098FCB0 /* Frameworks */ = {
			isa = PBXFrameworksBuildPhase;
			buildActionMask = 2147483647;
			files = (
				79C903DE2C7E945F00CD949A /* GoogleGenerativeAI in Frameworks */,
			);
			runOnlyForDeploymentPostprocessing = 0;
		};
/* End PBXFrameworksBuildPhase section */

/* Begin PBXGroup section */
		79185A0A2C35B93200E20F9A /* Network */ = {
			isa = PBXGroup;
			children = (
				79C903DF2C7E95DD00CD949A /* APIKeyManager.swift */,
				7956FD002C3859AF00DB6247 /* SessionManager.swift */,
				7956FD052C385B2300DB6247 /* Endpoint.swift */,
				7956FD022C385ABA00DB6247 /* HTTPMethod.swift */,
				79448BE32C4C16CC00F00C21 /* CacheManager.swift */,
				7956FD072C38622300DB6247 /* NetworkService.swift */,
				7986113D2C62C59F00FF7254 /* ImageService.swift */,
				79C903E12C7E978E00CD949A /* GeminiService.swift */,
			);
			path = Network;
			sourceTree = "<group>";
		};
		7939BE272C29661B0098FCB0 = {
			isa = PBXGroup;
			children = (
				7939BE322C29661B0098FCB0 /* VibeMovieFinder */,
				7939BE312C29661B0098FCB0 /* Products */,
			);
			sourceTree = "<group>";
		};
		7939BE312C29661B0098FCB0 /* Products */ = {
			isa = PBXGroup;
			children = (
				7939BE302C29661B0098FCB0 /* VibeMovieFinder.app */,
			);
			name = Products;
			sourceTree = "<group>";
		};
		7939BE322C29661B0098FCB0 /* VibeMovieFinder */ = {
			isa = PBXGroup;
			children = (
				7939BE652C2A00640098FCB0 /* Resources */,
				79185A0A2C35B93200E20F9A /* Network */,
				7939BE482C2966B80098FCB0 /* Models */,
				7939BE562C299D5E0098FCB0 /* ViewModels */,
				7939BE472C2966B10098FCB0 /* Controllers */,
				7939BE552C299D470098FCB0 /* Views */,
				7939BE412C29661C0098FCB0 /* Info.plist */,
				79C903DA2C7E8FB400CD949A /* Secrets.plist */,
			);
			path = VibeMovieFinder;
			sourceTree = "<group>";
		};
		7939BE472C2966B10098FCB0 /* Controllers */ = {
			isa = PBXGroup;
			children = (
				7939BE4F2C2969E90098FCB0 /* TabBarController.swift */,
				7939BE4B2C2969510098FCB0 /* MoviesListViewController.swift */,
				79C903E32C7F7B6B00CD949A /* AccountMoviesListViewController.swift */,
				79C903E52C7FA3D200CD949A /* VibeListViewController.swift */,
				79C69EFA2C5EF00F00F463EB /* MovieDetailViewController.swift */,
				79ED69FF2C7405590051B252 /* VibeSearchViewController.swift */,
				79ED6A012C74057A0051B252 /* VibeConfigurationViewController.swift */,
				7939BE4D2C2969B50098FCB0 /* ProfileViewController.swift */,
				79C903D42C7CC33B00CD949A /* AuthViewController.swift */,
			);
			path = Controllers;
			sourceTree = "<group>";
		};
		7939BE482C2966B80098FCB0 /* Models */ = {
			isa = PBXGroup;
			children = (
				79C903D82C7E3AF400CD949A /* APIResponse.swift */,
				7956FCFC2C3844A500DB6247 /* Movie.swift */,
				7956FD0B2C3961D300DB6247 /* Genre.swift */,
				7986113F2C63DB8D00FF7254 /* Backdrop.swift */,
				798611412C63DD0C00FF7254 /* Cast.swift */,
				79B146302C67E2C900114F7E /* Review.swift */,
				79C903D02C7CBE2900CD949A /* AuthModels.swift */,
				79C903EB2C82279700CD949A /* Vibe.swift */,
			);
			path = Models;
			sourceTree = "<group>";
		};
		7939BE552C299D470098FCB0 /* Views */ = {
			isa = PBXGroup;
			children = (
				798611462C63E63000FF7254 /* MovieDetail */,
				79B1463D2C6A62CB00114F7E /* MovieList */,
				79448BE52C4C464F00F00C21 /* LoadingFooterView.swift */,
				79ED69F72C6FC8770051B252 /* ShadowView.swift */,
				7977CFAC2C7A607E0004AC5C /* VibeButtonCollectionViewCell.swift */,
				7977CFB02C7AABEB0004AC5C /* DefaultButtonView.swift */,
				7977CFAE2C7A60A90004AC5C /* CenteredVibeButtonFlowLayout.swift */,
			);
			path = Views;
			sourceTree = "<group>";
		};
		7939BE562C299D5E0098FCB0 /* ViewModels */ = {
			isa = PBXGroup;
			children = (
				798611432C63E3EB00FF7254 /* MovieDetail */,
				79B1463B2C6A601A00114F7E /* MovieList */,
				7977CFAA2C7A60100004AC5C /* VibeConfigurationViewModel.swift */,
				79C903D22C7CC09300CD949A /* AuthViewModel.swift */,
			);
			path = ViewModels;
			sourceTree = "<group>";
		};
		7939BE652C2A00640098FCB0 /* Resources */ = {
			isa = PBXGroup;
			children = (
				7939BE3E2C29661C0098FCB0 /* LaunchScreen.storyboard */,
				7939BE332C29661B0098FCB0 /* AppDelegate.swift */,
				7939BE352C29661B0098FCB0 /* SceneDelegate.swift */,
				7939BE3C2C29661C0098FCB0 /* Assets.xcassets */,
				7956FD0F2C39A50C00DB6247 /* TextStyle.swift */,
				79B1462E2C66790700114F7E /* Spacing.swift */,
			);
			path = Resources;
			sourceTree = "<group>";
		};
		798611432C63E3EB00FF7254 /* MovieDetail */ = {
			isa = PBXGroup;
			children = (
				79C69EFC2C5EF18F00F463EB /* MovieDetailSectionsViewViewModel.swift */,
				79B1463A2C6A5FD100114F7E /* Sections */,
			);
			path = MovieDetail;
			sourceTree = "<group>";
		};
		798611462C63E63000FF7254 /* MovieDetail */ = {
			isa = PBXGroup;
			children = (
				798611472C63E65400FF7254 /* MovieDetailSectionsView.swift */,
				79B1463C2C6A62A400114F7E /* Sections */,
			);
			path = MovieDetail;
			sourceTree = "<group>";
		};
		79B1463A2C6A5FD100114F7E /* Sections */ = {
			isa = PBXGroup;
			children = (
				798611442C63E42700FF7254 /* BackdropCollectionViewCellViewModel.swift */,
				7986114E2C650BBE00FF7254 /* CastCollectionViewCellViewModel.swift */,
				79B146322C68F6C100114F7E /* ImageCollectionViewCellViewModel.swift */,
				79B146342C68F6F200114F7E /* GenreCollectionViewCellViewModel.swift */,
				79B146362C68F84F00114F7E /* MovieCollectionViewCellViewModel.swift */,
				79B146382C6A41A600114F7E /* ReviewCollectionViewCellViewModel.swift */,
				79B146482C6D47A000114F7E /* FactCollectionViewCellViewModel.swift */,
				79B1464C2C6E76C500114F7E /* OverviewCollectionViewCellViewModel.swift */,
			);
			path = Sections;
			sourceTree = "<group>";
		};
		79B1463B2C6A601A00114F7E /* MovieList */ = {
			isa = PBXGroup;
			children = (
				79C903E92C8117BA00CD949A /* MoviesTableViewProtocol.swift */,
				7939BE5B2C299EDE0098FCB0 /* MoviesTableViewViewModel.swift */,
				79C903E72C7FA3ED00CD949A /* VibeListViewModel.swift */,
				7939BE612C29C1CE0098FCB0 /* MovieTableViewCellViewModel.swift */,
			);
			path = MovieList;
			sourceTree = "<group>";
		};
		79B1463C2C6A62A400114F7E /* Sections */ = {
			isa = PBXGroup;
			children = (
				7924E6192C6637D90017B5BE /* SectionHeaderView.swift */,
				7986114A2C63F08100FF7254 /* BackdropCollectionViewCell.swift */,
				7986114C2C6503EC00FF7254 /* CastCollectionViewCell.swift */,
				79B1463E2C6A671C00114F7E /* ImageCollectionViewCell.swift */,
				79B146402C6A98BE00114F7E /* ReviewCollectionViewCell.swift */,
				79B146422C6D18FF00114F7E /* GenreCollectionViewCell.swift */,
				79B146442C6D2F0F00114F7E /* MovieCollectionViewCell.swift */,
				79B1464A2C6D47C700114F7E /* FactCollectionViewCell.swift */,
				79B1464E2C6E76F400114F7E /* OverviewCollectionViewCell.swift */,
			);
			path = Sections;
			sourceTree = "<group>";
		};
		79B1463D2C6A62CB00114F7E /* MovieList */ = {
			isa = PBXGroup;
			children = (
				7939BE592C299DAB0098FCB0 /* MoviesTableView.swift */,
				7939BE632C29CA900098FCB0 /* MovieTableViewCell.swift */,
			);
			path = MovieList;
			sourceTree = "<group>";
		};
/* End PBXGroup section */

/* Begin PBXNativeTarget section */
		7939BE2F2C29661B0098FCB0 /* VibeMovieFinder */ = {
			isa = PBXNativeTarget;
			buildConfigurationList = 7939BE442C29661C0098FCB0 /* Build configuration list for PBXNativeTarget "VibeMovieFinder" */;
			buildPhases = (
				7939BE2C2C29661B0098FCB0 /* Sources */,
				7939BE2D2C29661B0098FCB0 /* Frameworks */,
				7939BE2E2C29661B0098FCB0 /* Resources */,
			);
			buildRules = (
			);
			dependencies = (
			);
			name = VibeMovieFinder;
			packageProductDependencies = (
				79C903DD2C7E945F00CD949A /* GoogleGenerativeAI */,
			);
			productName = VibeMovieFinder;
			productReference = 7939BE302C29661B0098FCB0 /* VibeMovieFinder.app */;
			productType = "com.apple.product-type.application";
		};
/* End PBXNativeTarget section */

/* Begin PBXProject section */
		7939BE282C29661B0098FCB0 /* Project object */ = {
			isa = PBXProject;
			attributes = {
				BuildIndependentTargetsInParallel = 1;
				LastSwiftUpdateCheck = 1540;
				LastUpgradeCheck = 1540;
				TargetAttributes = {
					7939BE2F2C29661B0098FCB0 = {
						CreatedOnToolsVersion = 15.4;
					};
				};
			};
			buildConfigurationList = 7939BE2B2C29661B0098FCB0 /* Build configuration list for PBXProject "VibeMovieFinder" */;
			compatibilityVersion = "Xcode 14.0";
			developmentRegion = en;
			hasScannedForEncodings = 0;
			knownRegions = (
				en,
				Base,
			);
			mainGroup = 7939BE272C29661B0098FCB0;
			packageReferences = (
				79C903DC2C7E945F00CD949A /* XCRemoteSwiftPackageReference "generative-ai-swift" */,
			);
			productRefGroup = 7939BE312C29661B0098FCB0 /* Products */;
			projectDirPath = "";
			projectRoot = "";
			targets = (
				7939BE2F2C29661B0098FCB0 /* VibeMovieFinder */,
			);
		};
/* End PBXProject section */

/* Begin PBXResourcesBuildPhase section */
		7939BE2E2C29661B0098FCB0 /* Resources */ = {
			isa = PBXResourcesBuildPhase;
			buildActionMask = 2147483647;
			files = (
				7939BE3D2C29661C0098FCB0 /* Assets.xcassets in Resources */,
				79C903DB2C7E8FB400CD949A /* Secrets.plist in Resources */,
				7939BE402C29661C0098FCB0 /* Base in Resources */,
			);
			runOnlyForDeploymentPostprocessing = 0;
		};
/* End PBXResourcesBuildPhase section */

/* Begin PBXSourcesBuildPhase section */
		7939BE2C2C29661B0098FCB0 /* Sources */ = {
			isa = PBXSourcesBuildPhase;
			buildActionMask = 2147483647;
			files = (
				79C903E82C7FA3ED00CD949A /* VibeListViewModel.swift in Sources */,
				7956FCFD2C3844A500DB6247 /* Movie.swift in Sources */,
				7986114B2C63F08100FF7254 /* BackdropCollectionViewCell.swift in Sources */,
				7986113E2C62C59F00FF7254 /* ImageService.swift in Sources */,
				79B1463F2C6A671C00114F7E /* ImageCollectionViewCell.swift in Sources */,
				7986114F2C650BBE00FF7254 /* CastCollectionViewCellViewModel.swift in Sources */,
				79B146492C6D47A000114F7E /* FactCollectionViewCellViewModel.swift in Sources */,
				7977CFAF2C7A60A90004AC5C /* CenteredVibeButtonFlowLayout.swift in Sources */,
				79C69EFB2C5EF01000F463EB /* MovieDetailViewController.swift in Sources */,
				7977CFAB2C7A60100004AC5C /* VibeConfigurationViewModel.swift in Sources */,
				798611402C63DB8D00FF7254 /* Backdrop.swift in Sources */,
				7939BE4E2C2969B50098FCB0 /* ProfileViewController.swift in Sources */,
				7939BE642C29CA900098FCB0 /* MovieTableViewCell.swift in Sources */,
				7956FD032C385ABA00DB6247 /* HTTPMethod.swift in Sources */,
				79448BE42C4C16CC00F00C21 /* CacheManager.swift in Sources */,
				7977CFB12C7AABEB0004AC5C /* DefaultButtonView.swift in Sources */,
				79B146312C67E2C900114F7E /* Review.swift in Sources */,
				79B1464D2C6E76C500114F7E /* OverviewCollectionViewCellViewModel.swift in Sources */,
				79B1464B2C6D47C700114F7E /* FactCollectionViewCell.swift in Sources */,
				79C903E42C7F7B6B00CD949A /* AccountMoviesListViewController.swift in Sources */,
				7939BE5C2C299EDE0098FCB0 /* MoviesTableViewViewModel.swift in Sources */,
				79B1462F2C66790700114F7E /* Spacing.swift in Sources */,
				7956FD062C385B2300DB6247 /* Endpoint.swift in Sources */,
				79B146452C6D2F0F00114F7E /* MovieCollectionViewCell.swift in Sources */,
				798611422C63DD0C00FF7254 /* Cast.swift in Sources */,
				7956FD082C38622300DB6247 /* NetworkService.swift in Sources */,
				79C903E22C7E978E00CD949A /* GeminiService.swift in Sources */,
				798611452C63E42700FF7254 /* BackdropCollectionViewCellViewModel.swift in Sources */,
				7956FD0C2C3961D300DB6247 /* Genre.swift in Sources */,
				7939BE4C2C2969510098FCB0 /* MoviesListViewController.swift in Sources */,
				79C903E62C7FA3D200CD949A /* VibeListViewController.swift in Sources */,
				7986114D2C6503EC00FF7254 /* CastCollectionViewCell.swift in Sources */,
				79C903E02C7E95DD00CD949A /* APIKeyManager.swift in Sources */,
				79B146372C68F84F00114F7E /* MovieCollectionViewCellViewModel.swift in Sources */,
				7939BE622C29C1CE0098FCB0 /* MovieTableViewCellViewModel.swift in Sources */,
				7939BE342C29661B0098FCB0 /* AppDelegate.swift in Sources */,
				79ED6A002C7405590051B252 /* VibeSearchViewController.swift in Sources */,
				79B146412C6A98BE00114F7E /* ReviewCollectionViewCell.swift in Sources */,
				798611482C63E65400FF7254 /* MovieDetailSectionsView.swift in Sources */,
				79C903D12C7CBE2900CD949A /* AuthModels.swift in Sources */,
				79B1464F2C6E76F400114F7E /* OverviewCollectionViewCell.swift in Sources */,
				79C69EFD2C5EF18F00F463EB /* MovieDetailSectionsViewViewModel.swift in Sources */,
				79C903D32C7CC09300CD949A /* AuthViewModel.swift in Sources */,
				7956FD012C3859AF00DB6247 /* SessionManager.swift in Sources */,
				7956FD102C39A50C00DB6247 /* TextStyle.swift in Sources */,
				79448BE62C4C464F00F00C21 /* LoadingFooterView.swift in Sources */,
				7939BE5A2C299DAB0098FCB0 /* MoviesTableView.swift in Sources */,
				79C903EA2C8117BA00CD949A /* MoviesTableViewProtocol.swift in Sources */,
				79C903EC2C82279700CD949A /* Vibe.swift in Sources */,
				7939BE502C2969E90098FCB0 /* TabBarController.swift in Sources */,
				7924E61A2C6637D90017B5BE /* SectionHeaderView.swift in Sources */,
				79B146332C68F6C100114F7E /* ImageCollectionViewCellViewModel.swift in Sources */,
				79B146432C6D18FF00114F7E /* GenreCollectionViewCell.swift in Sources */,
				79ED6A022C74057A0051B252 /* VibeConfigurationViewController.swift in Sources */,
				7939BE362C29661B0098FCB0 /* SceneDelegate.swift in Sources */,
				79B146352C68F6F200114F7E /* GenreCollectionViewCellViewModel.swift in Sources */,
				79C903D52C7CC33B00CD949A /* AuthViewController.swift in Sources */,
				7977CFAD2C7A607E0004AC5C /* VibeButtonCollectionViewCell.swift in Sources */,
				79B146392C6A41A600114F7E /* ReviewCollectionViewCellViewModel.swift in Sources */,
				79ED69F82C6FC8770051B252 /* ShadowView.swift in Sources */,
				79C903D92C7E3AF400CD949A /* APIResponse.swift in Sources */,
			);
			runOnlyForDeploymentPostprocessing = 0;
		};
/* End PBXSourcesBuildPhase section */

/* Begin PBXVariantGroup section */
		7939BE3E2C29661C0098FCB0 /* LaunchScreen.storyboard */ = {
			isa = PBXVariantGroup;
			children = (
				7939BE3F2C29661C0098FCB0 /* Base */,
			);
			name = LaunchScreen.storyboard;
			sourceTree = "<group>";
		};
/* End PBXVariantGroup section */

/* Begin XCBuildConfiguration section */
		7939BE422C29661C0098FCB0 /* Debug */ = {
			isa = XCBuildConfiguration;
			buildSettings = {
				ALWAYS_SEARCH_USER_PATHS = NO;
				ASSETCATALOG_COMPILER_GENERATE_SWIFT_ASSET_SYMBOL_EXTENSIONS = YES;
				CLANG_ANALYZER_NONNULL = YES;
				CLANG_ANALYZER_NUMBER_OBJECT_CONVERSION = YES_AGGRESSIVE;
				CLANG_CXX_LANGUAGE_STANDARD = "gnu++20";
				CLANG_ENABLE_MODULES = YES;
				CLANG_ENABLE_OBJC_ARC = YES;
				CLANG_ENABLE_OBJC_WEAK = YES;
				CLANG_WARN_BLOCK_CAPTURE_AUTORELEASING = YES;
				CLANG_WARN_BOOL_CONVERSION = YES;
				CLANG_WARN_COMMA = YES;
				CLANG_WARN_CONSTANT_CONVERSION = YES;
				CLANG_WARN_DEPRECATED_OBJC_IMPLEMENTATIONS = YES;
				CLANG_WARN_DIRECT_OBJC_ISA_USAGE = YES_ERROR;
				CLANG_WARN_DOCUMENTATION_COMMENTS = YES;
				CLANG_WARN_EMPTY_BODY = YES;
				CLANG_WARN_ENUM_CONVERSION = YES;
				CLANG_WARN_INFINITE_RECURSION = YES;
				CLANG_WARN_INT_CONVERSION = YES;
				CLANG_WARN_NON_LITERAL_NULL_CONVERSION = YES;
				CLANG_WARN_OBJC_IMPLICIT_RETAIN_SELF = YES;
				CLANG_WARN_OBJC_LITERAL_CONVERSION = YES;
				CLANG_WARN_OBJC_ROOT_CLASS = YES_ERROR;
				CLANG_WARN_QUOTED_INCLUDE_IN_FRAMEWORK_HEADER = YES;
				CLANG_WARN_RANGE_LOOP_ANALYSIS = YES;
				CLANG_WARN_STRICT_PROTOTYPES = YES;
				CLANG_WARN_SUSPICIOUS_MOVE = YES;
				CLANG_WARN_UNGUARDED_AVAILABILITY = YES_AGGRESSIVE;
				CLANG_WARN_UNREACHABLE_CODE = YES;
				CLANG_WARN__DUPLICATE_METHOD_MATCH = YES;
				COPY_PHASE_STRIP = NO;
				DEBUG_INFORMATION_FORMAT = dwarf;
				ENABLE_STRICT_OBJC_MSGSEND = YES;
				ENABLE_TESTABILITY = YES;
				ENABLE_USER_SCRIPT_SANDBOXING = YES;
				GCC_C_LANGUAGE_STANDARD = gnu17;
				GCC_DYNAMIC_NO_PIC = NO;
				GCC_NO_COMMON_BLOCKS = YES;
				GCC_OPTIMIZATION_LEVEL = 0;
				GCC_PREPROCESSOR_DEFINITIONS = (
					"DEBUG=1",
					"$(inherited)",
				);
				GCC_WARN_64_TO_32_BIT_CONVERSION = YES;
				GCC_WARN_ABOUT_RETURN_TYPE = YES_ERROR;
				GCC_WARN_UNDECLARED_SELECTOR = YES;
				GCC_WARN_UNINITIALIZED_AUTOS = YES_AGGRESSIVE;
				GCC_WARN_UNUSED_FUNCTION = YES;
				GCC_WARN_UNUSED_VARIABLE = YES;
				IPHONEOS_DEPLOYMENT_TARGET = 17.5;
				LOCALIZATION_PREFERS_STRING_CATALOGS = YES;
				MTL_ENABLE_DEBUG_INFO = INCLUDE_SOURCE;
				MTL_FAST_MATH = YES;
				ONLY_ACTIVE_ARCH = YES;
				SDKROOT = iphoneos;
				SWIFT_ACTIVE_COMPILATION_CONDITIONS = "DEBUG $(inherited)";
				SWIFT_OPTIMIZATION_LEVEL = "-Onone";
			};
			name = Debug;
		};
		7939BE432C29661C0098FCB0 /* Release */ = {
			isa = XCBuildConfiguration;
			buildSettings = {
				ALWAYS_SEARCH_USER_PATHS = NO;
				ASSETCATALOG_COMPILER_GENERATE_SWIFT_ASSET_SYMBOL_EXTENSIONS = YES;
				CLANG_ANALYZER_NONNULL = YES;
				CLANG_ANALYZER_NUMBER_OBJECT_CONVERSION = YES_AGGRESSIVE;
				CLANG_CXX_LANGUAGE_STANDARD = "gnu++20";
				CLANG_ENABLE_MODULES = YES;
				CLANG_ENABLE_OBJC_ARC = YES;
				CLANG_ENABLE_OBJC_WEAK = YES;
				CLANG_WARN_BLOCK_CAPTURE_AUTORELEASING = YES;
				CLANG_WARN_BOOL_CONVERSION = YES;
				CLANG_WARN_COMMA = YES;
				CLANG_WARN_CONSTANT_CONVERSION = YES;
				CLANG_WARN_DEPRECATED_OBJC_IMPLEMENTATIONS = YES;
				CLANG_WARN_DIRECT_OBJC_ISA_USAGE = YES_ERROR;
				CLANG_WARN_DOCUMENTATION_COMMENTS = YES;
				CLANG_WARN_EMPTY_BODY = YES;
				CLANG_WARN_ENUM_CONVERSION = YES;
				CLANG_WARN_INFINITE_RECURSION = YES;
				CLANG_WARN_INT_CONVERSION = YES;
				CLANG_WARN_NON_LITERAL_NULL_CONVERSION = YES;
				CLANG_WARN_OBJC_IMPLICIT_RETAIN_SELF = YES;
				CLANG_WARN_OBJC_LITERAL_CONVERSION = YES;
				CLANG_WARN_OBJC_ROOT_CLASS = YES_ERROR;
				CLANG_WARN_QUOTED_INCLUDE_IN_FRAMEWORK_HEADER = YES;
				CLANG_WARN_RANGE_LOOP_ANALYSIS = YES;
				CLANG_WARN_STRICT_PROTOTYPES = YES;
				CLANG_WARN_SUSPICIOUS_MOVE = YES;
				CLANG_WARN_UNGUARDED_AVAILABILITY = YES_AGGRESSIVE;
				CLANG_WARN_UNREACHABLE_CODE = YES;
				CLANG_WARN__DUPLICATE_METHOD_MATCH = YES;
				COPY_PHASE_STRIP = NO;
				DEBUG_INFORMATION_FORMAT = "dwarf-with-dsym";
				ENABLE_NS_ASSERTIONS = NO;
				ENABLE_STRICT_OBJC_MSGSEND = YES;
				ENABLE_USER_SCRIPT_SANDBOXING = YES;
				GCC_C_LANGUAGE_STANDARD = gnu17;
				GCC_NO_COMMON_BLOCKS = YES;
				GCC_WARN_64_TO_32_BIT_CONVERSION = YES;
				GCC_WARN_ABOUT_RETURN_TYPE = YES_ERROR;
				GCC_WARN_UNDECLARED_SELECTOR = YES;
				GCC_WARN_UNINITIALIZED_AUTOS = YES_AGGRESSIVE;
				GCC_WARN_UNUSED_FUNCTION = YES;
				GCC_WARN_UNUSED_VARIABLE = YES;
				IPHONEOS_DEPLOYMENT_TARGET = 17.5;
				LOCALIZATION_PREFERS_STRING_CATALOGS = YES;
				MTL_ENABLE_DEBUG_INFO = NO;
				MTL_FAST_MATH = YES;
				SDKROOT = iphoneos;
				SWIFT_COMPILATION_MODE = wholemodule;
				VALIDATE_PRODUCT = YES;
			};
			name = Release;
		};
		7939BE452C29661C0098FCB0 /* Debug */ = {
			isa = XCBuildConfiguration;
			buildSettings = {
				ASSETCATALOG_COMPILER_APPICON_NAME = AppIcon;
				ASSETCATALOG_COMPILER_GLOBAL_ACCENT_COLOR_NAME = AccentColor;
				CODE_SIGN_STYLE = Automatic;
				CURRENT_PROJECT_VERSION = 1;
				DEVELOPMENT_TEAM = 7LD839RLR5;
				GENERATE_INFOPLIST_FILE = YES;
				INFOPLIST_FILE = VibeMovieFinder/Info.plist;
				INFOPLIST_KEY_UIApplicationSupportsIndirectInputEvents = YES;
				INFOPLIST_KEY_UILaunchStoryboardName = LaunchScreen;
				INFOPLIST_KEY_UISupportedInterfaceOrientations_iPad = "UIInterfaceOrientationPortrait UIInterfaceOrientationPortraitUpsideDown UIInterfaceOrientationLandscapeLeft UIInterfaceOrientationLandscapeRight";
				INFOPLIST_KEY_UISupportedInterfaceOrientations_iPhone = "UIInterfaceOrientationPortrait UIInterfaceOrientationLandscapeLeft UIInterfaceOrientationLandscapeRight";
				LD_RUNPATH_SEARCH_PATHS = (
					"$(inherited)",
					"@executable_path/Frameworks",
				);
				MARKETING_VERSION = 1.0;
				PRODUCT_BUNDLE_IDENTIFIER = denibondarenkq.VibeMovieFinder;
				PRODUCT_NAME = "$(TARGET_NAME)";
				SWIFT_EMIT_LOC_STRINGS = YES;
				SWIFT_VERSION = 5.0;
				TARGETED_DEVICE_FAMILY = "1,2";
			};
			name = Debug;
		};
		7939BE462C29661C0098FCB0 /* Release */ = {
			isa = XCBuildConfiguration;
			buildSettings = {
				ASSETCATALOG_COMPILER_APPICON_NAME = AppIcon;
				ASSETCATALOG_COMPILER_GLOBAL_ACCENT_COLOR_NAME = AccentColor;
				CODE_SIGN_STYLE = Automatic;
				CURRENT_PROJECT_VERSION = 1;
				DEVELOPMENT_TEAM = 7LD839RLR5;
				GENERATE_INFOPLIST_FILE = YES;
				INFOPLIST_FILE = VibeMovieFinder/Info.plist;
				INFOPLIST_KEY_UIApplicationSupportsIndirectInputEvents = YES;
				INFOPLIST_KEY_UILaunchStoryboardName = LaunchScreen;
				INFOPLIST_KEY_UISupportedInterfaceOrientations_iPad = "UIInterfaceOrientationPortrait UIInterfaceOrientationPortraitUpsideDown UIInterfaceOrientationLandscapeLeft UIInterfaceOrientationLandscapeRight";
				INFOPLIST_KEY_UISupportedInterfaceOrientations_iPhone = "UIInterfaceOrientationPortrait UIInterfaceOrientationLandscapeLeft UIInterfaceOrientationLandscapeRight";
				LD_RUNPATH_SEARCH_PATHS = (
					"$(inherited)",
					"@executable_path/Frameworks",
				);
				MARKETING_VERSION = 1.0;
				PRODUCT_BUNDLE_IDENTIFIER = denibondarenkq.VibeMovieFinder;
				PRODUCT_NAME = "$(TARGET_NAME)";
				SWIFT_EMIT_LOC_STRINGS = YES;
				SWIFT_VERSION = 5.0;
				TARGETED_DEVICE_FAMILY = "1,2";
			};
			name = Release;
		};
/* End XCBuildConfiguration section */

/* Begin XCConfigurationList section */
		7939BE2B2C29661B0098FCB0 /* Build configuration list for PBXProject "VibeMovieFinder" */ = {
			isa = XCConfigurationList;
			buildConfigurations = (
				7939BE422C29661C0098FCB0 /* Debug */,
				7939BE432C29661C0098FCB0 /* Release */,
			);
			defaultConfigurationIsVisible = 0;
			defaultConfigurationName = Release;
		};
		7939BE442C29661C0098FCB0 /* Build configuration list for PBXNativeTarget "VibeMovieFinder" */ = {
			isa = XCConfigurationList;
			buildConfigurations = (
				7939BE452C29661C0098FCB0 /* Debug */,
				7939BE462C29661C0098FCB0 /* Release */,
			);
			defaultConfigurationIsVisible = 0;
			defaultConfigurationName = Release;
		};
/* End XCConfigurationList section */

/* Begin XCRemoteSwiftPackageReference section */
		79C903DC2C7E945F00CD949A /* XCRemoteSwiftPackageReference "generative-ai-swift" */ = {
			isa = XCRemoteSwiftPackageReference;
			repositoryURL = "https://github.com/google/generative-ai-swift";
			requirement = {
				kind = upToNextMajorVersion;
				minimumVersion = 0.5.6;
			};
		};
/* End XCRemoteSwiftPackageReference section */

/* Begin XCSwiftPackageProductDependency section */
		79C903DD2C7E945F00CD949A /* GoogleGenerativeAI */ = {
			isa = XCSwiftPackageProductDependency;
			package = 79C903DC2C7E945F00CD949A /* XCRemoteSwiftPackageReference "generative-ai-swift" */;
			productName = GoogleGenerativeAI;
		};
/* End XCSwiftPackageProductDependency section */
	};
	rootObject = 7939BE282C29661B0098FCB0 /* Project object */;
}
